// !$*UTF8*$!
{
	archiveVersion = 1;
	classes = {
	};
	objectVersion = 50;
	objects = {

/* Begin PBXBuildFile section */
		75D2E84520D0092A00C99128 /* AppDelegate.swift in Sources */ = {isa = PBXBuildFile; fileRef = 75D2E84420D0092A00C99128 /* AppDelegate.swift */; };
		75D2E84720D0092A00C99128 /* HomeScreenViewController.swift in Sources */ = {isa = PBXBuildFile; fileRef = 75D2E84620D0092A00C99128 /* HomeScreenViewController.swift */; };
		75D2E84A20D0092A00C99128 /* Main.storyboard in Resources */ = {isa = PBXBuildFile; fileRef = 75D2E84820D0092A00C99128 /* Main.storyboard */; };
		75D2E84C20D0093000C99128 /* Assets.xcassets in Resources */ = {isa = PBXBuildFile; fileRef = 75D2E84B20D0093000C99128 /* Assets.xcassets */; };
		75D2E84F20D0093000C99128 /* LaunchScreen.storyboard in Resources */ = {isa = PBXBuildFile; fileRef = 75D2E84D20D0093000C99128 /* LaunchScreen.storyboard */; };
		75D2E85820D0194300C99128 /* UIViewExtension.swift in Sources */ = {isa = PBXBuildFile; fileRef = 75D2E85720D0194300C99128 /* UIViewExtension.swift */; };
		75D2E85F20D01B8700C99128 /* CountryDetailCell.swift in Sources */ = {isa = PBXBuildFile; fileRef = 75D2E85D20D01B8700C99128 /* CountryDetailCell.swift */; };
		75D2E86020D01B8700C99128 /* CountryDetailCell.xib in Resources */ = {isa = PBXBuildFile; fileRef = 75D2E85E20D01B8700C99128 /* CountryDetailCell.xib */; };
		75D2E86320D027A800C99128 /* CountryDetailModel.swift in Sources */ = {isa = PBXBuildFile; fileRef = 75D2E86220D027A800C99128 /* CountryDetailModel.swift */; };
		75D2E86520D027B900C99128 /* CountryDetailViewModel.swift in Sources */ = {isa = PBXBuildFile; fileRef = 75D2E86420D027B900C99128 /* CountryDetailViewModel.swift */; };
		75D2E86720D02A8F00C99128 /* UIImageViewExtension.swift in Sources */ = {isa = PBXBuildFile; fileRef = 75D2E86620D02A8F00C99128 /* UIImageViewExtension.swift */; };
/* End PBXBuildFile section */

/* Begin PBXFileReference section */
		75D2E84120D0092A00C99128 /* CountryDetail.app */ = {isa = PBXFileReference; explicitFileType = wrapper.application; includeInIndex = 0; path = CountryDetail.app; sourceTree = BUILT_PRODUCTS_DIR; };
		75D2E84420D0092A00C99128 /* AppDelegate.swift */ = {isa = PBXFileReference; lastKnownFileType = sourcecode.swift; path = AppDelegate.swift; sourceTree = "<group>"; };
		75D2E84620D0092A00C99128 /* HomeScreenViewController.swift */ = {isa = PBXFileReference; lastKnownFileType = sourcecode.swift; path = HomeScreenViewController.swift; sourceTree = "<group>"; };
		75D2E84920D0092A00C99128 /* Base */ = {isa = PBXFileReference; lastKnownFileType = file.storyboard; name = Base; path = Base.lproj/Main.storyboard; sourceTree = "<group>"; };
		75D2E84B20D0093000C99128 /* Assets.xcassets */ = {isa = PBXFileReference; lastKnownFileType = folder.assetcatalog; path = Assets.xcassets; sourceTree = "<group>"; };
		75D2E84E20D0093000C99128 /* Base */ = {isa = PBXFileReference; lastKnownFileType = file.storyboard; name = Base; path = Base.lproj/LaunchScreen.storyboard; sourceTree = "<group>"; };
		75D2E85020D0093100C99128 /* Info.plist */ = {isa = PBXFileReference; lastKnownFileType = text.plist.xml; path = Info.plist; sourceTree = "<group>"; };
		75D2E85720D0194300C99128 /* UIViewExtension.swift */ = {isa = PBXFileReference; lastKnownFileType = sourcecode.swift; path = UIViewExtension.swift; sourceTree = "<group>"; };
		75D2E85D20D01B8700C99128 /* CountryDetailCell.swift */ = {isa = PBXFileReference; lastKnownFileType = sourcecode.swift; path = CountryDetailCell.swift; sourceTree = "<group>"; };
		75D2E85E20D01B8700C99128 /* CountryDetailCell.xib */ = {isa = PBXFileReference; lastKnownFileType = file.xib; path = CountryDetailCell.xib; sourceTree = "<group>"; };
		75D2E86220D027A800C99128 /* CountryDetailModel.swift */ = {isa = PBXFileReference; lastKnownFileType = sourcecode.swift; path = CountryDetailModel.swift; sourceTree = "<group>"; };
		75D2E86420D027B900C99128 /* CountryDetailViewModel.swift */ = {isa = PBXFileReference; lastKnownFileType = sourcecode.swift; path = CountryDetailViewModel.swift; sourceTree = "<group>"; };
		75D2E86620D02A8F00C99128 /* UIImageViewExtension.swift */ = {isa = PBXFileReference; lastKnownFileType = sourcecode.swift; path = UIImageViewExtension.swift; sourceTree = "<group>"; };
/* End PBXFileReference section */

/* Begin PBXFrameworksBuildPhase section */
		75D2E83E20D0092A00C99128 /* Frameworks */ = {
			isa = PBXFrameworksBuildPhase;
			buildActionMask = 2147483647;
			files = (
			);
			runOnlyForDeploymentPostprocessing = 0;
		};
/* End PBXFrameworksBuildPhase section */

/* Begin PBXGroup section */
		75D2E83820D0092900C99128 = {
			isa = PBXGroup;
			children = (
				75D2E84320D0092A00C99128 /* CountryDetail */,
				75D2E84220D0092A00C99128 /* Products */,
			);
			sourceTree = "<group>";
		};
		75D2E84220D0092A00C99128 /* Products */ = {
			isa = PBXGroup;
			children = (
				75D2E84120D0092A00C99128 /* CountryDetail.app */,
			);
			name = Products;
			sourceTree = "<group>";
		};
		75D2E84320D0092A00C99128 /* CountryDetail */ = {
			isa = PBXGroup;
			children = (
				75D2E86120D0244800C99128 /* Controller */,
				75D2E85C20D01B4F00C99128 /* TableCell */,
				75D2E85B20D01B3D00C99128 /* Utility */,
				75D2E85A20D01B3700C99128 /* ViewModel */,
				75D2E85920D01B3000C99128 /* Model */,
				75D2E85620D018B100C99128 /* Extension */,
				75D2E84420D0092A00C99128 /* AppDelegate.swift */,
				75D2E84820D0092A00C99128 /* Main.storyboard */,
				75D2E84B20D0093000C99128 /* Assets.xcassets */,
				75D2E84D20D0093000C99128 /* LaunchScreen.storyboard */,
				75D2E85020D0093100C99128 /* Info.plist */,
			);
			path = CountryDetail;
			sourceTree = "<group>";
		};
		75D2E85620D018B100C99128 /* Extension */ = {
			isa = PBXGroup;
			children = (
				75D2E85720D0194300C99128 /* UIViewExtension.swift */,
				75D2E86620D02A8F00C99128 /* UIImageViewExtension.swift */,
			);
			path = Extension;
			sourceTree = "<group>";
		};
		75D2E85920D01B3000C99128 /* Model */ = {
			isa = PBXGroup;
			children = (
				75D2E86220D027A800C99128 /* CountryDetailModel.swift */,
			);
			path = Model;
			sourceTree = "<group>";
		};
		75D2E85A20D01B3700C99128 /* ViewModel */ = {
			isa = PBXGroup;
			children = (
				75D2E86420D027B900C99128 /* CountryDetailViewModel.swift */,
			);
			path = ViewModel;
			sourceTree = "<group>";
		};
		75D2E85B20D01B3D00C99128 /* Utility */ = {
			isa = PBXGroup;
			children = (
			);
			path = Utility;
			sourceTree = "<group>";
		};
		75D2E85C20D01B4F00C99128 /* TableCell */ = {
			isa = PBXGroup;
			children = (
				75D2E85D20D01B8700C99128 /* CountryDetailCell.swift */,
				75D2E85E20D01B8700C99128 /* CountryDetailCell.xib */,
			);
			path = TableCell;
			sourceTree = "<group>";
		};
		75D2E86120D0244800C99128 /* Controller */ = {
			isa = PBXGroup;
			children = (
				75D2E84620D0092A00C99128 /* HomeScreenViewController.swift */,
			);
			path = Controller;
			sourceTree = "<group>";
		};
/* End PBXGroup section */

/* Begin PBXNativeTarget section */
		75D2E84020D0092A00C99128 /* CountryDetail */ = {
			isa = PBXNativeTarget;
			buildConfigurationList = 75D2E85320D0093100C99128 /* Build configuration list for PBXNativeTarget "CountryDetail" */;
			buildPhases = (
				75D2E83D20D0092A00C99128 /* Sources */,
				75D2E83E20D0092A00C99128 /* Frameworks */,
				75D2E83F20D0092A00C99128 /* Resources */,
			);
			buildRules = (
			);
			dependencies = (
			);
			name = CountryDetail;
			productName = CountryDetail;
			productReference = 75D2E84120D0092A00C99128 /* CountryDetail.app */;
			productType = "com.apple.product-type.application";
		};
/* End PBXNativeTarget section */

/* Begin PBXProject section */
		75D2E83920D0092A00C99128 /* Project object */ = {
			isa = PBXProject;
			attributes = {
				LastSwiftUpdateCheck = 0930;
				LastUpgradeCheck = 0930;
				ORGANIZATIONNAME = xyz;
				TargetAttributes = {
					75D2E84020D0092A00C99128 = {
						CreatedOnToolsVersion = 9.3;
					};
				};
			};
			buildConfigurationList = 75D2E83C20D0092A00C99128 /* Build configuration list for PBXProject "CountryDetail" */;
			compatibilityVersion = "Xcode 9.3";
			developmentRegion = en;
			hasScannedForEncodings = 0;
			knownRegions = (
				en,
				Base,
			);
			mainGroup = 75D2E83820D0092900C99128;
			productRefGroup = 75D2E84220D0092A00C99128 /* Products */;
			projectDirPath = "";
			projectRoot = "";
			targets = (
				75D2E84020D0092A00C99128 /* CountryDetail */,
			);
		};
/* End PBXProject section */

/* Begin PBXResourcesBuildPhase section */
		75D2E83F20D0092A00C99128 /* Resources */ = {
			isa = PBXResourcesBuildPhase;
			buildActionMask = 2147483647;
			files = (
				75D2E84F20D0093000C99128 /* LaunchScreen.storyboard in Resources */,
				75D2E86020D01B8700C99128 /* CountryDetailCell.xib in Resources */,
				75D2E84C20D0093000C99128 /* Assets.xcassets in Resources */,
				75D2E84A20D0092A00C99128 /* Main.storyboard in Resources */,
			);
			runOnlyForDeploymentPostprocessing = 0;
		};
/* End PBXResourcesBuildPhase section */

/* Begin PBXSourcesBuildPhase section */
		75D2E83D20D0092A00C99128 /* Sources */ = {
			isa = PBXSourcesBuildPhase;
			buildActionMask = 2147483647;
			files = (
				75D2E86320D027A800C99128 /* CountryDetailModel.swift in Sources */,
				75D2E86720D02A8F00C99128 /* UIImageViewExtension.swift in Sources */,
				75D2E85820D0194300C99128 /* UIViewExtension.swift in Sources */,
				75D2E86520D027B900C99128 /* CountryDetailViewModel.swift in Sources */,
				75D2E85F20D01B8700C99128 /* CountryDetailCell.swift in Sources */,
				75D2E84720D0092A00C99128 /* HomeScreenViewController.swift in Sources */,
				75D2E84520D0092A00C99128 /* AppDelegate.swift in Sources */,
			);
			runOnlyForDeploymentPostprocessing = 0;
		};
/* End PBXSourcesBuildPhase section */

/* Begin PBXVariantGroup section */
		75D2E84820D0092A00C99128 /* Main.storyboard */ = {
			isa = PBXVariantGroup;
			children = (
				75D2E84920D0092A00C99128 /* Base */,
			);
			name = Main.storyboard;
			sourceTree = "<group>";
		};
		75D2E84D20D0093000C99128 /* LaunchScreen.storyboard */ = {
			isa = PBXVariantGroup;
			children = (
				75D2E84E20D0093000C99128 /* Base */,
			);
			name = LaunchScreen.storyboard;
			sourceTree = "<group>";
		};
/* End PBXVariantGroup section */

/* Begin XCBuildConfiguration section */
		75D2E85120D0093100C99128 /* Debug */ = {
			isa = XCBuildConfiguration;
			buildSettings = {
				ALWAYS_SEARCH_USER_PATHS = NO;
				CLANG_ANALYZER_NONNULL = YES;
				CLANG_ANALYZER_NUMBER_OBJECT_CONVERSION = YES_AGGRESSIVE;
				CLANG_CXX_LANGUAGE_STANDARD = "gnu++14";
				CLANG_CXX_LIBRARY = "libc++";
				CLANG_ENABLE_MODULES = YES;
				CLANG_ENABLE_OBJC_ARC = YES;
				CLANG_ENABLE_OBJC_WEAK = YES;
				CLANG_WARN_BLOCK_CAPTURE_AUTORELEASING = YES;
				CLANG_WARN_BOOL_CONVERSION = YES;
				CLANG_WARN_COMMA = YES;
				CLANG_WARN_CONSTANT_CONVERSION = YES;
				CLANG_WARN_DEPRECATED_OBJC_IMPLEMENTATIONS = YES;
				CLANG_WARN_DIRECT_OBJC_ISA_USAGE = YES_ERROR;
				CLANG_WARN_DOCUMENTATION_COMMENTS = YES;
				CLANG_WARN_EMPTY_BODY = YES;
				CLANG_WARN_ENUM_CONVERSION = YES;
				CLANG_WARN_INFINITE_RECURSION = YES;
				CLANG_WARN_INT_CONVERSION = YES;
				CLANG_WARN_NON_LITERAL_NULL_CONVERSION = YES;
				CLANG_WARN_OBJC_IMPLICIT_RETAIN_SELF = YES;
				CLANG_WARN_OBJC_LITERAL_CONVERSION = YES;
				CLANG_WARN_OBJC_ROOT_CLASS = YES_ERROR;
				CLANG_WARN_RANGE_LOOP_ANALYSIS = YES;
				CLANG_WARN_STRICT_PROTOTYPES = YES;
				CLANG_WARN_SUSPICIOUS_MOVE = YES;
				CLANG_WARN_UNGUARDED_AVAILABILITY = YES_AGGRESSIVE;
				CLANG_WARN_UNREACHABLE_CODE = YES;
				CLANG_WARN__DUPLICATE_METHOD_MATCH = YES;
				CODE_SIGN_IDENTITY = "iPhone Developer";
				COPY_PHASE_STRIP = NO;
				DEBUG_INFORMATION_FORMAT = dwarf;
				ENABLE_STRICT_OBJC_MSGSEND = YES;
				ENABLE_TESTABILITY = YES;
				GCC_C_LANGUAGE_STANDARD = gnu11;
				GCC_DYNAMIC_NO_PIC = NO;
				GCC_NO_COMMON_BLOCKS = YES;
				GCC_OPTIMIZATION_LEVEL = 0;
				GCC_PREPROCESSOR_DEFINITIONS = (
					"DEBUG=1",
					"$(inherited)",
				);
				GCC_WARN_64_TO_32_BIT_CONVERSION = YES;
				GCC_WARN_ABOUT_RETURN_TYPE = YES_ERROR;
				GCC_WARN_UNDECLARED_SELECTOR = YES;
				GCC_WARN_UNINITIALIZED_AUTOS = YES_AGGRESSIVE;
				GCC_WARN_UNUSED_FUNCTION = YES;
				GCC_WARN_UNUSED_VARIABLE = YES;
				IPHONEOS_DEPLOYMENT_TARGET = 11.3;
				MTL_ENABLE_DEBUG_INFO = YES;
				ONLY_ACTIVE_ARCH = YES;
				SDKROOT = iphoneos;
				SWIFT_ACTIVE_COMPILATION_CONDITIONS = DEBUG;
				SWIFT_OPTIMIZATION_LEVEL = "-Onone";
			};
			name = Debug;
		};
		75D2E85220D0093100C99128 /* Release */ = {
			isa = XCBuildConfiguration;
			buildSettings = {
				ALWAYS_SEARCH_USER_PATHS = NO;
				CLANG_ANALYZER_NONNULL = YES;
				CLANG_ANALYZER_NUMBER_OBJECT_CONVERSION = YES_AGGRESSIVE;
				CLANG_CXX_LANGUAGE_STANDARD = "gnu++14";
				CLANG_CXX_LIBRARY = "libc++";
				CLANG_ENABLE_MODULES = YES;
				CLANG_ENABLE_OBJC_ARC = YES;
				CLANG_ENABLE_OBJC_WEAK = YES;
				CLANG_WARN_BLOCK_CAPTURE_AUTORELEASING = YES;
				CLANG_WARN_BOOL_CONVERSION = YES;
				CLANG_WARN_COMMA = YES;
				CLANG_WARN_CONSTANT_CONVERSION = YES;
				CLANG_WARN_DEPRECATED_OBJC_IMPLEMENTATIONS = YES;
				CLANG_WARN_DIRECT_OBJC_ISA_USAGE = YES_ERROR;
				CLANG_WARN_DOCUMENTATION_COMMENTS = YES;
				CLANG_WARN_EMPTY_BODY = YES;
				CLANG_WARN_ENUM_CONVERSION = YES;
				CLANG_WARN_INFINITE_RECURSION = YES;
				CLANG_WARN_INT_CONVERSION = YES;
				CLANG_WARN_NON_LITERAL_NULL_CONVERSION = YES;
				CLANG_WARN_OBJC_IMPLICIT_RETAIN_SELF = YES;
				CLANG_WARN_OBJC_LITERAL_CONVERSION = YES;
				CLANG_WARN_OBJC_ROOT_CLASS = YES_ERROR;
				CLANG_WARN_RANGE_LOOP_ANALYSIS = YES;
				CLANG_WARN_STRICT_PROTOTYPES = YES;
				CLANG_WARN_SUSPICIOUS_MOVE = YES;
				CLANG_WARN_UNGUARDED_AVAILABILITY = YES_AGGRESSIVE;
				CLANG_WARN_UNREACHABLE_CODE = YES;
				CLANG_WARN__DUPLICATE_METHOD_MATCH = YES;
				CODE_SIGN_IDENTITY = "iPhone Developer";
				COPY_PHASE_STRIP = NO;
				DEBUG_INFORMATION_FORMAT = "dwarf-with-dsym";
				ENABLE_NS_ASSERTIONS = NO;
				ENABLE_STRICT_OBJC_MSGSEND = YES;
				GCC_C_LANGUAGE_STANDARD = gnu11;
				GCC_NO_COMMON_BLOCKS = YES;
				GCC_WARN_64_TO_32_BIT_CONVERSION = YES;
				GCC_WARN_ABOUT_RETURN_TYPE = YES_ERROR;
				GCC_WARN_UNDECLARED_SELECTOR = YES;
				GCC_WARN_UNINITIALIZED_AUTOS = YES_AGGRESSIVE;
				GCC_WARN_UNUSED_FUNCTION = YES;
				GCC_WARN_UNUSED_VARIABLE = YES;
				IPHONEOS_DEPLOYMENT_TARGET = 11.3;
				MTL_ENABLE_DEBUG_INFO = NO;
				SDKROOT = iphoneos;
				SWIFT_COMPILATION_MODE = wholemodule;
				SWIFT_OPTIMIZATION_LEVEL = "-O";
				VALIDATE_PRODUCT = YES;
			};
			name = Release;
		};
		75D2E85420D0093100C99128 /* Debug */ = {
			isa = XCBuildConfiguration;
			buildSettings = {
				ASSETCATALOG_COMPILER_APPICON_NAME = AppIcon;
				CODE_SIGN_STYLE = Automatic;
				DEVELOPMENT_TEAM = XT933NJ63Z;
				INFOPLIST_FILE = CountryDetail/Info.plist;
				IPHONEOS_DEPLOYMENT_TARGET = 10.0;
				LD_RUNPATH_SEARCH_PATHS = (
					"$(inherited)",
					"@executable_path/Frameworks",
				);
				PRODUCT_BUNDLE_IDENTIFIER = com.CountryDetail;
				PRODUCT_NAME = "$(TARGET_NAME)";
				SWIFT_VERSION = 4.0;
				TARGETED_DEVICE_FAMILY = "1,2";
			};
			name = Debug;
		};
		75D2E85520D0093100C99128 /* Release */ = {
			isa = XCBuildConfiguration;
			buildSettings = {
				ASSETCATALOG_COMPILER_APPICON_NAME = AppIcon;
				CODE_SIGN_STYLE = Automatic;
				DEVELOPMENT_TEAM = XT933NJ63Z;
				INFOPLIST_FILE = CountryDetail/Info.plist;
				IPHONEOS_DEPLOYMENT_TARGET = 10.0;
				LD_RUNPATH_SEARCH_PATHS = (
					"$(inherited)",
					"@executable_path/Frameworks",
				);
				PRODUCT_BUNDLE_IDENTIFIER = com.CountryDetail;
				PRODUCT_NAME = "$(TARGET_NAME)";
				SWIFT_VERSION = 4.0;
				TARGETED_DEVICE_FAMILY = "1,2";
			};
			name = Release;
		};
/* End XCBuildConfiguration section */

/* Begin XCConfigurationList section */
		75D2E83C20D0092A00C99128 /* Build configuration list for PBXProject "CountryDetail" */ = {
			isa = XCConfigurationList;
			buildConfigurations = (
				75D2E85120D0093100C99128 /* Debug */,
				75D2E85220D0093100C99128 /* Release */,
			);
			defaultConfigurationIsVisible = 0;
			defaultConfigurationName = Release;
		};
		75D2E85320D0093100C99128 /* Build configuration list for PBXNativeTarget "CountryDetail" */ = {
			isa = XCConfigurationList;
			buildConfigurations = (
				75D2E85420D0093100C99128 /* Debug */,
				75D2E85520D0093100C99128 /* Release */,
			);
			defaultConfigurationIsVisible = 0;
			defaultConfigurationName = Release;
		};
/* End XCConfigurationList section */
	};
	rootObject = 75D2E83920D0092A00C99128 /* Project object */;
}
